// !$*UTF8*$!
{
	archiveVersion = 1;
	classes = {
	};
	objectVersion = 56;
	objects = {

/* Begin PBXBuildFile section */
		26270F892CA25607006F3714 /* XO.swift in Sources */ = {isa = PBXBuildFile; fileRef = 26270F882CA25607006F3714 /* XO.swift */; };
		26270F8B2CA25673006F3714 /* TicTakToe.swift in Sources */ = {isa = PBXBuildFile; fileRef = 26270F8A2CA25673006F3714 /* TicTakToe.swift */; };
		266432DB2CA24F5A006D9E71 /* AppDelegate.swift in Sources */ = {isa = PBXBuildFile; fileRef = 266432DA2CA24F5A006D9E71 /* AppDelegate.swift */; };
		266432DD2CA24F5A006D9E71 /* SceneDelegate.swift in Sources */ = {isa = PBXBuildFile; fileRef = 266432DC2CA24F5A006D9E71 /* SceneDelegate.swift */; };
		266432DF2CA24F5A006D9E71 /* ViewController.swift in Sources */ = {isa = PBXBuildFile; fileRef = 266432DE2CA24F5A006D9E71 /* ViewController.swift */; };
		266432E22CA24F5A006D9E71 /* Main.storyboard in Resources */ = {isa = PBXBuildFile; fileRef = 266432E02CA24F5A006D9E71 /* Main.storyboard */; };
		266432E42CA24F5B006D9E71 /* Assets.xcassets in Resources */ = {isa = PBXBuildFile; fileRef = 266432E32CA24F5B006D9E71 /* Assets.xcassets */; };
		266432E72CA24F5B006D9E71 /* LaunchScreen.storyboard in Resources */ = {isa = PBXBuildFile; fileRef = 266432E52CA24F5B006D9E71 /* LaunchScreen.storyboard */; };
/* End PBXBuildFile section */

/* Begin PBXFileReference section */
		26270F882CA25607006F3714 /* XO.swift */ = {isa = PBXFileReference; lastKnownFileType = sourcecode.swift; path = XO.swift; sourceTree = "<group>"; };
		26270F8A2CA25673006F3714 /* TicTakToe.swift */ = {isa = PBXFileReference; lastKnownFileType = sourcecode.swift; path = TicTakToe.swift; sourceTree = "<group>"; };
		266432D72CA24F5A006D9E71 /* TicTakToe.app */ = {isa = PBXFileReference; explicitFileType = wrapper.application; includeInIndex = 0; path = TicTakToe.app; sourceTree = BUILT_PRODUCTS_DIR; };
		266432DA2CA24F5A006D9E71 /* AppDelegate.swift */ = {isa = PBXFileReference; lastKnownFileType = sourcecode.swift; path = AppDelegate.swift; sourceTree = "<group>"; };
		266432DC2CA24F5A006D9E71 /* SceneDelegate.swift */ = {isa = PBXFileReference; lastKnownFileType = sourcecode.swift; path = SceneDelegate.swift; sourceTree = "<group>"; };
		266432DE2CA24F5A006D9E71 /* ViewController.swift */ = {isa = PBXFileReference; lastKnownFileType = sourcecode.swift; path = ViewController.swift; sourceTree = "<group>"; };
		266432E12CA24F5A006D9E71 /* Base */ = {isa = PBXFileReference; lastKnownFileType = file.storyboard; name = Base; path = Base.lproj/Main.storyboard; sourceTree = "<group>"; };
		266432E32CA24F5B006D9E71 /* Assets.xcassets */ = {isa = PBXFileReference; lastKnownFileType = folder.assetcatalog; path = Assets.xcassets; sourceTree = "<group>"; };
		266432E62CA24F5B006D9E71 /* Base */ = {isa = PBXFileReference; lastKnownFileType = file.storyboard; name = Base; path = Base.lproj/LaunchScreen.storyboard; sourceTree = "<group>"; };
		266432E82CA24F5B006D9E71 /* Info.plist */ = {isa = PBXFileReference; lastKnownFileType = text.plist.xml; path = Info.plist; sourceTree = "<group>"; };
/* End PBXFileReference section */

/* Begin PBXFrameworksBuildPhase section */
		266432D42CA24F5A006D9E71 /* Frameworks */ = {
			isa = PBXFrameworksBuildPhase;
			buildActionMask = 2147483647;
			files = (
			);
			runOnlyForDeploymentPostprocessing = 0;
		};
/* End PBXFrameworksBuildPhase section */

/* Begin PBXGroup section */
		26270F852CA255B5006F3714 /* Model */ = {
			isa = PBXGroup;
			children = (
				26270F882CA25607006F3714 /* XO.swift */,
			);
			path = Model;
			sourceTree = "<group>";
		};
		26270F862CA255BF006F3714 /* View */ = {
			isa = PBXGroup;
			children = (
			);
			path = View;
			sourceTree = "<group>";
		};
		26270F872CA255C5006F3714 /* Controller */ = {
			isa = PBXGroup;
			children = (
				26270F8A2CA25673006F3714 /* TicTakToe.swift */,
			);
			path = Controller;
			sourceTree = "<group>";
		};
		266432CE2CA24F5A006D9E71 = {
			isa = PBXGroup;
			children = (
				266432D92CA24F5A006D9E71 /* TicTakToe */,
				266432D82CA24F5A006D9E71 /* Products */,
			);
			sourceTree = "<group>";
		};
		266432D82CA24F5A006D9E71 /* Products */ = {
			isa = PBXGroup;
			children = (
				266432D72CA24F5A006D9E71 /* TicTakToe.app */,
			);
			name = Products;
			sourceTree = "<group>";
		};
		266432D92CA24F5A006D9E71 /* TicTakToe */ = {
			isa = PBXGroup;
			children = (
				26270F872CA255C5006F3714 /* Controller */,
				26270F862CA255BF006F3714 /* View */,
				26270F852CA255B5006F3714 /* Model */,
				266432DA2CA24F5A006D9E71 /* AppDelegate.swift */,
				266432DC2CA24F5A006D9E71 /* SceneDelegate.swift */,
				266432DE2CA24F5A006D9E71 /* ViewController.swift */,
				266432E02CA24F5A006D9E71 /* Main.storyboard */,
				266432E32CA24F5B006D9E71 /* Assets.xcassets */,
				266432E52CA24F5B006D9E71 /* LaunchScreen.storyboard */,
				266432E82CA24F5B006D9E71 /* Info.plist */,
			);
			path = TicTakToe;
			sourceTree = "<group>";
		};
/* End PBXGroup section */

/* Begin PBXNativeTarget section */
		266432D62CA24F5A006D9E71 /* TicTakToe */ = {
			isa = PBXNativeTarget;
			buildConfigurationList = 266432EB2CA24F5B006D9E71 /* Build configuration list for PBXNativeTarget "TicTakToe" */;
			buildPhases = (
				266432D32CA24F5A006D9E71 /* Sources */,
				266432D42CA24F5A006D9E71 /* Frameworks */,
				266432D52CA24F5A006D9E71 /* Resources */,
			);
			buildRules = (
			);
			dependencies = (
			);
			name = TicTakToe;
			productName = TicTakToe;
			productReference = 266432D72CA24F5A006D9E71 /* TicTakToe.app */;
			productType = "com.apple.product-type.application";
		};
/* End PBXNativeTarget section */

/* Begin PBXProject section */
		266432CF2CA24F5A006D9E71 /* Project object */ = {
			isa = PBXProject;
			attributes = {
				BuildIndependentTargetsInParallel = 1;
				LastSwiftUpdateCheck = 1430;
				LastUpgradeCheck = 1430;
				TargetAttributes = {
					266432D62CA24F5A006D9E71 = {
						CreatedOnToolsVersion = 14.3;
					};
				};
			};
			buildConfigurationList = 266432D22CA24F5A006D9E71 /* Build configuration list for PBXProject "TicTakToe" */;
			compatibilityVersion = "Xcode 14.0";
			developmentRegion = en;
			hasScannedForEncodings = 0;
			knownRegions = (
				en,
				Base,
			);
			mainGroup = 266432CE2CA24F5A006D9E71;
			productRefGroup = 266432D82CA24F5A006D9E71 /* Products */;
			projectDirPath = "";
			projectRoot = "";
			targets = (
				266432D62CA24F5A006D9E71 /* TicTakToe */,
			);
		};
/* End PBXProject section */

/* Begin PBXResourcesBuildPhase section */
		266432D52CA24F5A006D9E71 /* Resources */ = {
			isa = PBXResourcesBuildPhase;
			buildActionMask = 2147483647;
			files = (
				266432E72CA24F5B006D9E71 /* LaunchScreen.storyboard in Resources */,
				266432E42CA24F5B006D9E71 /* Assets.xcassets in Resources */,
				266432E22CA24F5A006D9E71 /* Main.storyboard in Resources */,
			);
			runOnlyForDeploymentPostprocessing = 0;
		};
/* End PBXResourcesBuildPhase section */

/* Begin PBXSourcesBuildPhase section */
		266432D32CA24F5A006D9E71 /* Sources */ = {
			isa = PBXSourcesBuildPhase;
			buildActionMask = 2147483647;
			files = (
				266432DF2CA24F5A006D9E71 /* ViewController.swift in Sources */,
				266432DB2CA24F5A006D9E71 /* AppDelegate.swift in Sources */,
				26270F892CA25607006F3714 /* XO.swift in Sources */,
				26270F8B2CA25673006F3714 /* TicTakToe.swift in Sources */,
				266432DD2CA24F5A006D9E71 /* SceneDelegate.swift in Sources */,
			);
			runOnlyForDeploymentPostprocessing = 0;
		};
/* End PBXSourcesBuildPhase section */

/* Begin PBXVariantGroup section */
		266432E02CA24F5A006D9E71 /* Main.storyboard */ = {
			isa = PBXVariantGroup;
			children = (
				266432E12CA24F5A006D9E71 /* Base */,
			);
			name = Main.storyboard;
			sourceTree = "<group>";
		};
		266432E52CA24F5B006D9E71 /* LaunchScreen.storyboard */ = {
			isa = PBXVariantGroup;
			children = (
				266432E62CA24F5B006D9E71 /* Base */,
			);
			name = LaunchScreen.storyboard;
			sourceTree = "<group>";
		};
/* End PBXVariantGroup section */

/* Begin XCBuildConfiguration section */
		266432E92CA24F5B006D9E71 /* Debug */ = {
			isa = XCBuildConfiguration;
			buildSettings = {
				ALWAYS_SEARCH_USER_PATHS = NO;
				CLANG_ANALYZER_NONNULL = YES;
				CLANG_ANALYZER_NUMBER_OBJECT_CONVERSION = YES_AGGRESSIVE;
				CLANG_CXX_LANGUAGE_STANDARD = "gnu++20";
				CLANG_ENABLE_MODULES = YES;
				CLANG_ENABLE_OBJC_ARC = YES;
				CLANG_ENABLE_OBJC_WEAK = YES;
				CLANG_WARN_BLOCK_CAPTURE_AUTORELEASING = YES;
				CLANG_WARN_BOOL_CONVERSION = YES;
				CLANG_WARN_COMMA = YES;
				CLANG_WARN_CONSTANT_CONVERSION = YES;
				CLANG_WARN_DEPRECATED_OBJC_IMPLEMENTATIONS = YES;
				CLANG_WARN_DIRECT_OBJC_ISA_USAGE = YES_ERROR;
				CLANG_WARN_DOCUMENTATION_COMMENTS = YES;
				CLANG_WARN_EMPTY_BODY = YES;
				CLANG_WARN_ENUM_CONVERSION = YES;
				CLANG_WARN_INFINITE_RECURSION = YES;
				CLANG_WARN_INT_CONVERSION = YES;
				CLANG_WARN_NON_LITERAL_NULL_CONVERSION = YES;
				CLANG_WARN_OBJC_IMPLICIT_RETAIN_SELF = YES;
				CLANG_WARN_OBJC_LITERAL_CONVERSION = YES;
				CLANG_WARN_OBJC_ROOT_CLASS = YES_ERROR;
				CLANG_WARN_QUOTED_INCLUDE_IN_FRAMEWORK_HEADER = YES;
				CLANG_WARN_RANGE_LOOP_ANALYSIS = YES;
				CLANG_WARN_STRICT_PROTOTYPES = YES;
				CLANG_WARN_SUSPICIOUS_MOVE = YES;
				CLANG_WARN_UNGUARDED_AVAILABILITY = YES_AGGRESSIVE;
				CLANG_WARN_UNREACHABLE_CODE = YES;
				CLANG_WARN__DUPLICATE_METHOD_MATCH = YES;
				COPY_PHASE_STRIP = NO;
				DEBUG_INFORMATION_FORMAT = dwarf;
				ENABLE_STRICT_OBJC_MSGSEND = YES;
				ENABLE_TESTABILITY = YES;
				GCC_C_LANGUAGE_STANDARD = gnu11;
				GCC_DYNAMIC_NO_PIC = NO;
				GCC_NO_COMMON_BLOCKS = YES;
				GCC_OPTIMIZATION_LEVEL = 0;
				GCC_PREPROCESSOR_DEFINITIONS = (
					"DEBUG=1",
					"$(inherited)",
				);
				GCC_WARN_64_TO_32_BIT_CONVERSION = YES;
				GCC_WARN_ABOUT_RETURN_TYPE = YES_ERROR;
				GCC_WARN_UNDECLARED_SELECTOR = YES;
				GCC_WARN_UNINITIALIZED_AUTOS = YES_AGGRESSIVE;
				GCC_WARN_UNUSED_FUNCTION = YES;
				GCC_WARN_UNUSED_VARIABLE = YES;
				IPHONEOS_DEPLOYMENT_TARGET = 16.4;
				MTL_ENABLE_DEBUG_INFO = INCLUDE_SOURCE;
				MTL_FAST_MATH = YES;
				ONLY_ACTIVE_ARCH = YES;
				SDKROOT = iphoneos;
				SWIFT_ACTIVE_COMPILATION_CONDITIONS = DEBUG;
				SWIFT_OPTIMIZATION_LEVEL = "-Onone";
			};
			name = Debug;
		};
		266432EA2CA24F5B006D9E71 /* Release */ = {
			isa = XCBuildConfiguration;
			buildSettings = {
				ALWAYS_SEARCH_USER_PATHS = NO;
				CLANG_ANALYZER_NONNULL = YES;
				CLANG_ANALYZER_NUMBER_OBJECT_CONVERSION = YES_AGGRESSIVE;
				CLANG_CXX_LANGUAGE_STANDARD = "gnu++20";
				CLANG_ENABLE_MODULES = YES;
				CLANG_ENABLE_OBJC_ARC = YES;
				CLANG_ENABLE_OBJC_WEAK = YES;
				CLANG_WARN_BLOCK_CAPTURE_AUTORELEASING = YES;
				CLANG_WARN_BOOL_CONVERSION = YES;
				CLANG_WARN_COMMA = YES;
				CLANG_WARN_CONSTANT_CONVERSION = YES;
				CLANG_WARN_DEPRECATED_OBJC_IMPLEMENTATIONS = YES;
				CLANG_WARN_DIRECT_OBJC_ISA_USAGE = YES_ERROR;
				CLANG_WARN_DOCUMENTATION_COMMENTS = YES;
				CLANG_WARN_EMPTY_BODY = YES;
				CLANG_WARN_ENUM_CONVERSION = YES;
				CLANG_WARN_INFINITE_RECURSION = YES;
				CLANG_WARN_INT_CONVERSION = YES;
				CLANG_WARN_NON_LITERAL_NULL_CONVERSION = YES;
				CLANG_WARN_OBJC_IMPLICIT_RETAIN_SELF = YES;
				CLANG_WARN_OBJC_LITERAL_CONVERSION = YES;
				CLANG_WARN_OBJC_ROOT_CLASS = YES_ERROR;
				CLANG_WARN_QUOTED_INCLUDE_IN_FRAMEWORK_HEADER = YES;
				CLANG_WARN_RANGE_LOOP_ANALYSIS = YES;
				CLANG_WARN_STRICT_PROTOTYPES = YES;
				CLANG_WARN_SUSPICIOUS_MOVE = YES;
				CLANG_WARN_UNGUARDED_AVAILABILITY = YES_AGGRESSIVE;
				CLANG_WARN_UNREACHABLE_CODE = YES;
				CLANG_WARN__DUPLICATE_METHOD_MATCH = YES;
				COPY_PHASE_STRIP = NO;
				DEBUG_INFORMATION_FORMAT = "dwarf-with-dsym";
				ENABLE_NS_ASSERTIONS = NO;
				ENABLE_STRICT_OBJC_MSGSEND = YES;
				GCC_C_LANGUAGE_STANDARD = gnu11;
				GCC_NO_COMMON_BLOCKS = YES;
				GCC_WARN_64_TO_32_BIT_CONVERSION = YES;
				GCC_WARN_ABOUT_RETURN_TYPE = YES_ERROR;
				GCC_WARN_UNDECLARED_SELECTOR = YES;
				GCC_WARN_UNINITIALIZED_AUTOS = YES_AGGRESSIVE;
				GCC_WARN_UNUSED_FUNCTION = YES;
				GCC_WARN_UNUSED_VARIABLE = YES;
				IPHONEOS_DEPLOYMENT_TARGET = 16.4;
				MTL_ENABLE_DEBUG_INFO = NO;
				MTL_FAST_MATH = YES;
				SDKROOT = iphoneos;
				SWIFT_COMPILATION_MODE = wholemodule;
				SWIFT_OPTIMIZATION_LEVEL = "-O";
				VALIDATE_PRODUCT = YES;
			};
			name = Release;
		};
		266432EC2CA24F5B006D9E71 /* Debug */ = {
			isa = XCBuildConfiguration;
			buildSettings = {
				ASSETCATALOG_COMPILER_APPICON_NAME = AppIcon;
				ASSETCATALOG_COMPILER_GLOBAL_ACCENT_COLOR_NAME = AccentColor;
				CODE_SIGN_STYLE = Automatic;
				CURRENT_PROJECT_VERSION = 1;
				DEVELOPMENT_TEAM = B6Q374WVVF;
				GENERATE_INFOPLIST_FILE = YES;
				INFOPLIST_FILE = TicTakToe/Info.plist;
				INFOPLIST_KEY_UIApplicationSupportsIndirectInputEvents = YES;
				INFOPLIST_KEY_UILaunchStoryboardName = LaunchScreen;
				INFOPLIST_KEY_UIMainStoryboardFile = Main;
				INFOPLIST_KEY_UISupportedInterfaceOrientations_iPad = "UIInterfaceOrientationPortrait UIInterfaceOrientationPortraitUpsideDown UIInterfaceOrientationLandscapeLeft UIInterfaceOrientationLandscapeRight";
				INFOPLIST_KEY_UISupportedInterfaceOrientations_iPhone = "UIInterfaceOrientationPortrait UIInterfaceOrientationLandscapeLeft UIInterfaceOrientationLandscapeRight";
				IPHONEOS_DEPLOYMENT_TARGET = 16.2;
				LD_RUNPATH_SEARCH_PATHS = (
					"$(inherited)",
					"@executable_path/Frameworks",
				);
				MARKETING_VERSION = 1.0;
				PRODUCT_BUNDLE_IDENTIFIER = com.galymzhanaitkaliyev.TicTakToe;
				PRODUCT_NAME = "$(TARGET_NAME)";
				SWIFT_EMIT_LOC_STRINGS = YES;
				SWIFT_VERSION = 5.0;
				TARGETED_DEVICE_FAMILY = "1,2";
			};
			name = Debug;
		};
		266432ED2CA24F5B006D9E71 /* Release */ = {
			isa = XCBuildConfiguration;
			buildSettings = {
				ASSETCATALOG_COMPILER_APPICON_NAME = AppIcon;
				ASSETCATALOG_COMPILER_GLOBAL_ACCENT_COLOR_NAME = AccentColor;
				CODE_SIGN_STYLE = Automatic;
				CURRENT_PROJECT_VERSION = 1;
				DEVELOPMENT_TEAM = B6Q374WVVF;
				GENERATE_INFOPLIST_FILE = YES;
				INFOPLIST_FILE = TicTakToe/Info.plist;
				INFOPLIST_KEY_UIApplicationSupportsIndirectInputEvents = YES;
				INFOPLIST_KEY_UILaunchStoryboardName = LaunchScreen;
				INFOPLIST_KEY_UIMainStoryboardFile = Main;
				INFOPLIST_KEY_UISupportedInterfaceOrientations_iPad = "UIInterfaceOrientationPortrait UIInterfaceOrientationPortraitUpsideDown UIInterfaceOrientationLandscapeLeft UIInterfaceOrientationLandscapeRight";
				INFOPLIST_KEY_UISupportedInterfaceOrientations_iPhone = "UIInterfaceOrientationPortrait UIInterfaceOrientationLandscapeLeft UIInterfaceOrientationLandscapeRight";
				IPHONEOS_DEPLOYMENT_TARGET = 16.2;
				LD_RUNPATH_SEARCH_PATHS = (
					"$(inherited)",
					"@executable_path/Frameworks",
				);
				MARKETING_VERSION = 1.0;
				PRODUCT_BUNDLE_IDENTIFIER = com.galymzhanaitkaliyev.TicTakToe;
				PRODUCT_NAME = "$(TARGET_NAME)";
				SWIFT_EMIT_LOC_STRINGS = YES;
				SWIFT_VERSION = 5.0;
				TARGETED_DEVICE_FAMILY = "1,2";
			};
			name = Release;
		};
/* End XCBuildConfiguration section */

/* Begin XCConfigurationList section */
		266432D22CA24F5A006D9E71 /* Build configuration list for PBXProject "TicTakToe" */ = {
			isa = XCConfigurationList;
			buildConfigurations = (
				266432E92CA24F5B006D9E71 /* Debug */,
				266432EA2CA24F5B006D9E71 /* Release */,
			);
			defaultConfigurationIsVisible = 0;
			defaultConfigurationName = Release;
		};
		266432EB2CA24F5B006D9E71 /* Build configuration list for PBXNativeTarget "TicTakToe" */ = {
			isa = XCConfigurationList;
			buildConfigurations = (
				266432EC2CA24F5B006D9E71 /* Debug */,
				266432ED2CA24F5B006D9E71 /* Release */,
			);
			defaultConfigurationIsVisible = 0;
			defaultConfigurationName = Release;
		};
/* End XCConfigurationList section */
	};
	rootObject = 266432CF2CA24F5A006D9E71 /* Project object */;
}
